
Microsoft Visual Studio Solution File, Format Version 12.00
# Visual Studio Version 17
VisualStudioVersion = 17.6.33815.320
MinimumVisualStudioVersion = 10.0.40219.1
Project("{FAE04EC0-301F-11D3-BF4B-00C04F79EFBC}") = "DI_Service", "DI_Service\DI_Service.csproj", "{6C1150FB-7987-47C3-AA3E-5588E95BACB2}"
EndProject
Global
	GlobalSection(SolutionConfigurationPlatforms) = preSolution
		Debug|Any CPU = Debug|Any CPU
		Release|Any CPU = Release|Any CPU
	EndGlobalSection
	GlobalSection(ProjectConfigurationPlatforms) = postSolution
		{6C1150FB-7987-47C3-AA3E-5588E95BACB2}.Debug|Any CPU.ActiveCfg = Debug|Any CPU
		{6C1150FB-7987-47C3-AA3E-5588E95BACB2}.Debug|Any CPU.Build.0 = Debug|Any CPU
		{6C1150FB-7987-47C3-AA3E-5588E95BACB2}.Release|Any CPU.ActiveCfg = Release|Any CPU
		{6C1150FB-7987-47C3-AA3E-5588E95BACB2}.Release|Any CPU.Build.0 = Release|Any CPU
	EndGlobalSection
	GlobalSection(SolutionProperties) = preSolution
		HideSolutionNode = FALSE
	EndGlobalSection
	GlobalSection(ExtensibilityGlobals) = postSolution
		SolutionGuid = {B7EF187A-13B4-45C3-9F41-46F19F232D24}
	EndGlobalSection
EndGlobal
